
Microsoft Visual Studio Solution File, Format Version 12.00
# Visual Studio Version 16
VisualStudioVersion = 16.0.30011.22
MinimumVisualStudioVersion = 10.0.40219.1
Project("{FAE04EC0-301F-11D3-BF4B-00C04F79EFBC}") = "PavParcial2019", "PavParcial2019\PavParcial2019.csproj", "{8583D7BB-068F-4273-AB74-A5BA27B430B1}"
EndProject
Project("{FAE04EC0-301F-11D3-BF4B-00C04F79EFBC}") = "PavParcial2019Test", "PavParcial2019Test\PavParcial2019Test.csproj", "{5E9A56E8-9B33-47F2-937D-1D078E3F8E67}"
EndProject
Project("{FAE04EC0-301F-11D3-BF4B-00C04F79EFBC}") = "PavParcial2019Ayuda", "PavParcial2019Ayuda\PavParcial2019Ayuda.csproj", "{F03AB04F-942B-44B9-AEF2-5CECF1E0572B}"
EndProject
Global
	GlobalSection(SolutionConfigurationPlatforms) = preSolution
		Debug|Any CPU = Debug|Any CPU
		Release|Any CPU = Release|Any CPU
	EndGlobalSection
	GlobalSection(ProjectConfigurationPlatforms) = postSolution
		{8583D7BB-068F-4273-AB74-A5BA27B430B1}.Debug|Any CPU.ActiveCfg = Debug|Any CPU
		{8583D7BB-068F-4273-AB74-A5BA27B430B1}.Debug|Any CPU.Build.0 = Debug|Any CPU
		{8583D7BB-068F-4273-AB74-A5BA27B430B1}.Release|Any CPU.ActiveCfg = Release|Any CPU
		{8583D7BB-068F-4273-AB74-A5BA27B430B1}.Release|Any CPU.Build.0 = Release|Any CPU
		{5E9A56E8-9B33-47F2-937D-1D078E3F8E67}.Debug|Any CPU.ActiveCfg = Debug|Any CPU
		{5E9A56E8-9B33-47F2-937D-1D078E3F8E67}.Debug|Any CPU.Build.0 = Debug|Any CPU
		{5E9A56E8-9B33-47F2-937D-1D078E3F8E67}.Release|Any CPU.ActiveCfg = Release|Any CPU
		{5E9A56E8-9B33-47F2-937D-1D078E3F8E67}.Release|Any CPU.Build.0 = Release|Any CPU
		{F03AB04F-942B-44B9-AEF2-5CECF1E0572B}.Debug|Any CPU.ActiveCfg = Debug|Any CPU
		{F03AB04F-942B-44B9-AEF2-5CECF1E0572B}.Debug|Any CPU.Build.0 = Debug|Any CPU
		{F03AB04F-942B-44B9-AEF2-5CECF1E0572B}.Release|Any CPU.ActiveCfg = Release|Any CPU
		{F03AB04F-942B-44B9-AEF2-5CECF1E0572B}.Release|Any CPU.Build.0 = Release|Any CPU
	EndGlobalSection
	GlobalSection(SolutionProperties) = preSolution
		HideSolutionNode = FALSE
	EndGlobalSection
	GlobalSection(ExtensibilityGlobals) = postSolution
		SolutionGuid = {A196671E-DD9F-45DD-883D-BA4028801938}
	EndGlobalSection
EndGlobal
